# generated by rye
# use `rye lock` or `rye sync` to update this lockfile
#
# last locked with the following flags:
#   pre: false
#   features: []
#   all-features: false
#   with-sources: false
#   generate-hashes: false

-e file:.
bottle==0.12.25
    # via pywebview
cffi==1.16.0
    # via clr-loader
clr-loader==0.2.6
    # via pythonnet
eventkit==1.0.3
    # via ib-async
ib-async==1.0.1
    # via ib-trading-py
lightweight-charts==1.0.22
    # via ib-trading-py
nest-asyncio==1.6.0
    # via ib-async
numpy==1.26.4
    # via eventkit
    # via pandas
pandas==2.2.2
    # via lightweight-charts
proxy-tools==0.1.0
    # via pywebview
pycparser==2.22
    # via cffi
python-dateutil==2.9.0.post0
    # via pandas
pythonnet==3.0.3
    # via pywebview
pytz==2024.1
    # via pandas
pywebview==4.4.1
    # via lightweight-charts
six==1.16.0
    # via python-dateutil
typing-extensions==4.11.0
    # via pywebview
tzdata==2024.1
    # via pandas
